{
  "name": "salka-horror-hotel-online",
  "version": "3.0.0",
  "lockfileVersion": 3,
  "requires": true,
  "packages": {
    "": {
      "name": "salka-horror-hotel-online",
      "version": "3.0.0",
      "private": true,
      "type": "module",
      "devDependencies": {
        "wrangler": "^4.110.0"
      }
    },
    "node_modules/wrangler": {
      "version": "4.110.0",
      "resolved": "https://registry.npmjs.org/wrangler/-/wrangler-4.110.0.tgz",
      "integrity": "sha512-KgqxXzLvRmrB8RxJnAL2FsxbUBP1FqGKhLBK3n8qKiBJfq29M8wQCZo9OUjgGqB8P3E/0QRKx8oW2Cm8ZHE9ow==",
      "dev": true,
      "bin": {
        "wrangler": "bin/wrangler.js"
      },
      "engines": {
        "node": ">=16.13.0"
      }
    }
  }
}
